// !$*UTF8*$!
{
	archiveVersion = 1;
	classes = {
	};
	objectVersion = 60;
	objects = {

/* Begin PBXBuildFile section */
		882A1B972AD5584600D56D70 /* ListAPI.swift in Sources */ = {isa = PBXBuildFile; fileRef = 882A1B962AD5584600D56D70 /* ListAPI.swift */; };
		882A1B992AD64A5200D56D70 /* IWebViewController.swift in Sources */ = {isa = PBXBuildFile; fileRef = 882A1B982AD64A5100D56D70 /* IWebViewController.swift */; };
		882A1B9B2AD7E8B700D56D70 /* Calendar+Extension.swift in Sources */ = {isa = PBXBuildFile; fileRef = 882A1B9A2AD7E8B700D56D70 /* Calendar+Extension.swift */; };
		882A1B9D2AD7E93200D56D70 /* FMDatePickerView.swift in Sources */ = {isa = PBXBuildFile; fileRef = 882A1B9C2AD7E93200D56D70 /* FMDatePickerView.swift */; };
		882A1B9F2AD7E9FE00D56D70 /* UIView+Extension.swift in Sources */ = {isa = PBXBuildFile; fileRef = 882A1B9E2AD7E9FE00D56D70 /* UIView+Extension.swift */; };
		882A1BA12AD7EA2A00D56D70 /* Constant.swift in Sources */ = {isa = PBXBuildFile; fileRef = 882A1BA02AD7EA2A00D56D70 /* Constant.swift */; };
		882A1BA32AD7EA5A00D56D70 /* UIColor+Extension.swift in Sources */ = {isa = PBXBuildFile; fileRef = 882A1BA22AD7EA5A00D56D70 /* UIColor+Extension.swift */; };
		882A1BA62ADD32EC00D56D70 /* UIView+HUD.swift in Sources */ = {isa = PBXBuildFile; fileRef = 882A1BA52ADD32EC00D56D70 /* UIView+HUD.swift */; };
		88B795E22AD54E47003056B1 /* AppDelegate.swift in Sources */ = {isa = PBXBuildFile; fileRef = 88B795E12AD54E47003056B1 /* AppDelegate.swift */; };
		88B795E42AD54E47003056B1 /* SceneDelegate.swift in Sources */ = {isa = PBXBuildFile; fileRef = 88B795E32AD54E47003056B1 /* SceneDelegate.swift */; };
		88B795E92AD54E47003056B1 /* Main.storyboard in Resources */ = {isa = PBXBuildFile; fileRef = 88B795E72AD54E47003056B1 /* Main.storyboard */; };
		88B795EB2AD54E49003056B1 /* Assets.xcassets in Resources */ = {isa = PBXBuildFile; fileRef = 88B795EA2AD54E49003056B1 /* Assets.xcassets */; };
		88B795EE2AD54E49003056B1 /* LaunchScreen.storyboard in Resources */ = {isa = PBXBuildFile; fileRef = 88B795EC2AD54E49003056B1 /* LaunchScreen.storyboard */; };
		88B795F72AD54F74003056B1 /* RootVC.swift in Sources */ = {isa = PBXBuildFile; fileRef = 88B795F62AD54F74003056B1 /* RootVC.swift */; };
		88B795F92AD54FAA003056B1 /* ListCell.swift in Sources */ = {isa = PBXBuildFile; fileRef = 88B795F82AD54FAA003056B1 /* ListCell.swift */; };
		88B795FB2AD550A2003056B1 /* Model.swift in Sources */ = {isa = PBXBuildFile; fileRef = 88B795FA2AD550A2003056B1 /* Model.swift */; };
		88B795FD2AD550F1003056B1 /* APIService.swift in Sources */ = {isa = PBXBuildFile; fileRef = 88B795FC2AD550F1003056B1 /* APIService.swift */; };
		B55319C60828457781E7A73D /* Pods_zhihu.framework in Frameworks */ = {isa = PBXBuildFile; fileRef = 8B2C6D1C08E1A62C8A153402 /* Pods_zhihu.framework */; };
/* End PBXBuildFile section */

/* Begin PBXFileReference section */
		1016A7DF588A10A0A6B21170 /* Pods-zhihu.debug.xcconfig */ = {isa = PBXFileReference; includeInIndex = 1; lastKnownFileType = text.xcconfig; name = "Pods-zhihu.debug.xcconfig"; path = "Target Support Files/Pods-zhihu/Pods-zhihu.debug.xcconfig"; sourceTree = "<group>"; };
		882A1B962AD5584600D56D70 /* ListAPI.swift */ = {isa = PBXFileReference; lastKnownFileType = sourcecode.swift; path = ListAPI.swift; sourceTree = "<group>"; };
		882A1B982AD64A5100D56D70 /* IWebViewController.swift */ = {isa = PBXFileReference; fileEncoding = 4; lastKnownFileType = sourcecode.swift; path = IWebViewController.swift; sourceTree = "<group>"; };
		882A1B9A2AD7E8B700D56D70 /* Calendar+Extension.swift */ = {isa = PBXFileReference; lastKnownFileType = sourcecode.swift; path = "Calendar+Extension.swift"; sourceTree = "<group>"; };
		882A1B9C2AD7E93200D56D70 /* FMDatePickerView.swift */ = {isa = PBXFileReference; fileEncoding = 4; lastKnownFileType = sourcecode.swift; path = FMDatePickerView.swift; sourceTree = "<group>"; };
		882A1B9E2AD7E9FE00D56D70 /* UIView+Extension.swift */ = {isa = PBXFileReference; fileEncoding = 4; lastKnownFileType = sourcecode.swift; path = "UIView+Extension.swift"; sourceTree = "<group>"; };
		882A1BA02AD7EA2A00D56D70 /* Constant.swift */ = {isa = PBXFileReference; fileEncoding = 4; lastKnownFileType = sourcecode.swift; path = Constant.swift; sourceTree = "<group>"; };
		882A1BA22AD7EA5A00D56D70 /* UIColor+Extension.swift */ = {isa = PBXFileReference; fileEncoding = 4; lastKnownFileType = sourcecode.swift; path = "UIColor+Extension.swift"; sourceTree = "<group>"; };
		882A1BA52ADD32EC00D56D70 /* UIView+HUD.swift */ = {isa = PBXFileReference; fileEncoding = 4; lastKnownFileType = sourcecode.swift; path = "UIView+HUD.swift"; sourceTree = "<group>"; };
		88B795DE2AD54E47003056B1 /* zhihu.app */ = {isa = PBXFileReference; explicitFileType = wrapper.application; includeInIndex = 0; path = zhihu.app; sourceTree = BUILT_PRODUCTS_DIR; };
		88B795E12AD54E47003056B1 /* AppDelegate.swift */ = {isa = PBXFileReference; lastKnownFileType = sourcecode.swift; path = AppDelegate.swift; sourceTree = "<group>"; };
		88B795E32AD54E47003056B1 /* SceneDelegate.swift */ = {isa = PBXFileReference; lastKnownFileType = sourcecode.swift; path = SceneDelegate.swift; sourceTree = "<group>"; };
		88B795E82AD54E47003056B1 /* Base */ = {isa = PBXFileReference; lastKnownFileType = file.storyboard; name = Base; path = Base.lproj/Main.storyboard; sourceTree = "<group>"; };
		88B795EA2AD54E49003056B1 /* Assets.xcassets */ = {isa = PBXFileReference; lastKnownFileType = folder.assetcatalog; path = Assets.xcassets; sourceTree = "<group>"; };
		88B795ED2AD54E49003056B1 /* Base */ = {isa = PBXFileReference; lastKnownFileType = file.storyboard; name = Base; path = Base.lproj/LaunchScreen.storyboard; sourceTree = "<group>"; };
		88B795EF2AD54E49003056B1 /* Info.plist */ = {isa = PBXFileReference; lastKnownFileType = text.plist.xml; path = Info.plist; sourceTree = "<group>"; };
		88B795F62AD54F74003056B1 /* RootVC.swift */ = {isa = PBXFileReference; lastKnownFileType = sourcecode.swift; path = RootVC.swift; sourceTree = "<group>"; };
		88B795F82AD54FAA003056B1 /* ListCell.swift */ = {isa = PBXFileReference; lastKnownFileType = sourcecode.swift; path = ListCell.swift; sourceTree = "<group>"; };
		88B795FA2AD550A2003056B1 /* Model.swift */ = {isa = PBXFileReference; lastKnownFileType = sourcecode.swift; path = Model.swift; sourceTree = "<group>"; };
		88B795FC2AD550F1003056B1 /* APIService.swift */ = {isa = PBXFileReference; fileEncoding = 4; lastKnownFileType = sourcecode.swift; path = APIService.swift; sourceTree = "<group>"; };
		8B2C6D1C08E1A62C8A153402 /* Pods_zhihu.framework */ = {isa = PBXFileReference; explicitFileType = wrapper.framework; includeInIndex = 0; path = Pods_zhihu.framework; sourceTree = BUILT_PRODUCTS_DIR; };
		B6B60985DFB29E58CAB4CD99 /* Pods-zhihu.release.xcconfig */ = {isa = PBXFileReference; includeInIndex = 1; lastKnownFileType = text.xcconfig; name = "Pods-zhihu.release.xcconfig"; path = "Target Support Files/Pods-zhihu/Pods-zhihu.release.xcconfig"; sourceTree = "<group>"; };
/* End PBXFileReference section */

/* Begin PBXFrameworksBuildPhase section */
		88B795DB2AD54E47003056B1 /* Frameworks */ = {
			isa = PBXFrameworksBuildPhase;
			buildActionMask = 2147483647;
			files = (
				B55319C60828457781E7A73D /* Pods_zhihu.framework in Frameworks */,
			);
			runOnlyForDeploymentPostprocessing = 0;
		};
/* End PBXFrameworksBuildPhase section */

/* Begin PBXGroup section */
		4218D415058D3C26A0257593 /* Frameworks */ = {
			isa = PBXGroup;
			children = (
				8B2C6D1C08E1A62C8A153402 /* Pods_zhihu.framework */,
			);
			name = Frameworks;
			sourceTree = "<group>";
		};
		8047D37E2F1E99812D5F3137 /* Pods */ = {
			isa = PBXGroup;
			children = (
				1016A7DF588A10A0A6B21170 /* Pods-zhihu.debug.xcconfig */,
				B6B60985DFB29E58CAB4CD99 /* Pods-zhihu.release.xcconfig */,
			);
			path = Pods;
			sourceTree = "<group>";
		};
		882A1BA42AD7EA6700D56D70 /* Util */ = {
			isa = PBXGroup;
			children = (
				882A1B9C2AD7E93200D56D70 /* FMDatePickerView.swift */,
				882A1B982AD64A5100D56D70 /* IWebViewController.swift */,
				882A1B9A2AD7E8B700D56D70 /* Calendar+Extension.swift */,
				882A1B9E2AD7E9FE00D56D70 /* UIView+Extension.swift */,
				882A1BA02AD7EA2A00D56D70 /* Constant.swift */,
				882A1BA22AD7EA5A00D56D70 /* UIColor+Extension.swift */,
				882A1BA52ADD32EC00D56D70 /* UIView+HUD.swift */,
			);
			path = Util;
			sourceTree = "<group>";
		};
		88B795D52AD54E47003056B1 = {
			isa = PBXGroup;
			children = (
				88B795E02AD54E47003056B1 /* zhihu */,
				88B795DF2AD54E47003056B1 /* Products */,
				8047D37E2F1E99812D5F3137 /* Pods */,
				4218D415058D3C26A0257593 /* Frameworks */,
			);
			sourceTree = "<group>";
		};
		88B795DF2AD54E47003056B1 /* Products */ = {
			isa = PBXGroup;
			children = (
				88B795DE2AD54E47003056B1 /* zhihu.app */,
			);
			name = Products;
			sourceTree = "<group>";
		};
		88B795E02AD54E47003056B1 /* zhihu */ = {
			isa = PBXGroup;
			children = (
				88B795F52AD54F58003056B1 /* Src */,
				88B795E12AD54E47003056B1 /* AppDelegate.swift */,
				88B795E32AD54E47003056B1 /* SceneDelegate.swift */,
				88B795E72AD54E47003056B1 /* Main.storyboard */,
				88B795EA2AD54E49003056B1 /* Assets.xcassets */,
				88B795EC2AD54E49003056B1 /* LaunchScreen.storyboard */,
				88B795EF2AD54E49003056B1 /* Info.plist */,
			);
			path = zhihu;
			sourceTree = "<group>";
		};
		88B795F52AD54F58003056B1 /* Src */ = {
			isa = PBXGroup;
			children = (
				882A1BA42AD7EA6700D56D70 /* Util */,
				88B795FC2AD550F1003056B1 /* APIService.swift */,
				88B795F62AD54F74003056B1 /* RootVC.swift */,
				88B795F82AD54FAA003056B1 /* ListCell.swift */,
				88B795FA2AD550A2003056B1 /* Model.swift */,
				882A1B962AD5584600D56D70 /* ListAPI.swift */,
			);
			path = Src;
			sourceTree = "<group>";
		};
/* End PBXGroup section */

/* Begin PBXNativeTarget section */
		88B795DD2AD54E47003056B1 /* zhihu */ = {
			isa = PBXNativeTarget;
			buildConfigurationList = 88B795F22AD54E49003056B1 /* Build configuration list for PBXNativeTarget "zhihu" */;
			buildPhases = (
				A34B07E2DF32860235F7373D /* [CP] Check Pods Manifest.lock */,
				88B795DA2AD54E47003056B1 /* Sources */,
				88B795DB2AD54E47003056B1 /* Frameworks */,
				88B795DC2AD54E47003056B1 /* Resources */,
				F76BE505020D724CB81A7F22 /* [CP] Embed Pods Frameworks */,
			);
			buildRules = (
			);
			dependencies = (
			);
			name = zhihu;
			productName = zhihu;
			productReference = 88B795DE2AD54E47003056B1 /* zhihu.app */;
			productType = "com.apple.product-type.application";
		};
/* End PBXNativeTarget section */

/* Begin PBXProject section */
		88B795D62AD54E47003056B1 /* Project object */ = {
			isa = PBXProject;
			attributes = {
				BuildIndependentTargetsInParallel = 1;
				LastSwiftUpdateCheck = 1500;
				LastUpgradeCheck = 1500;
				TargetAttributes = {
					88B795DD2AD54E47003056B1 = {
						CreatedOnToolsVersion = 15.0;
					};
				};
			};
			buildConfigurationList = 88B795D92AD54E47003056B1 /* Build configuration list for PBXProject "zhihu" */;
			compatibilityVersion = "Xcode 15.0";
			developmentRegion = en;
			hasScannedForEncodings = 0;
			knownRegions = (
				en,
				Base,
			);
			mainGroup = 88B795D52AD54E47003056B1;
			productRefGroup = 88B795DF2AD54E47003056B1 /* Products */;
			projectDirPath = "";
			projectRoot = "";
			targets = (
				88B795DD2AD54E47003056B1 /* zhihu */,
			);
		};
/* End PBXProject section */

/* Begin PBXResourcesBuildPhase section */
		88B795DC2AD54E47003056B1 /* Resources */ = {
			isa = PBXResourcesBuildPhase;
			buildActionMask = 2147483647;
			files = (
				88B795EE2AD54E49003056B1 /* LaunchScreen.storyboard in Resources */,
				88B795EB2AD54E49003056B1 /* Assets.xcassets in Resources */,
				88B795E92AD54E47003056B1 /* Main.storyboard in Resources */,
			);
			runOnlyForDeploymentPostprocessing = 0;
		};
/* End PBXResourcesBuildPhase section */

/* Begin PBXShellScriptBuildPhase section */
		A34B07E2DF32860235F7373D /* [CP] Check Pods Manifest.lock */ = {
			isa = PBXShellScriptBuildPhase;
			buildActionMask = 2147483647;
			files = (
			);
			inputFileListPaths = (
			);
			inputPaths = (
				"${PODS_PODFILE_DIR_PATH}/Podfile.lock",
				"${PODS_ROOT}/Manifest.lock",
			);
			name = "[CP] Check Pods Manifest.lock";
			outputFileListPaths = (
			);
			outputPaths = (
				"$(DERIVED_FILE_DIR)/Pods-zhihu-checkManifestLockResult.txt",
			);
			runOnlyForDeploymentPostprocessing = 0;
			shellPath = /bin/sh;
			shellScript = "diff \"${PODS_PODFILE_DIR_PATH}/Podfile.lock\" \"${PODS_ROOT}/Manifest.lock\" > /dev/null\nif [ $? != 0 ] ; then\n    # print error to STDERR\n    echo \"error: The sandbox is not in sync with the Podfile.lock. Run 'pod install' or update your CocoaPods installation.\" >&2\n    exit 1\nfi\n# This output is used by Xcode 'outputs' to avoid re-running this script phase.\necho \"SUCCESS\" > \"${SCRIPT_OUTPUT_FILE_0}\"\n";
			showEnvVarsInLog = 0;
		};
		F76BE505020D724CB81A7F22 /* [CP] Embed Pods Frameworks */ = {
			isa = PBXShellScriptBuildPhase;
			buildActionMask = 2147483647;
			files = (
			);
			inputFileListPaths = (
				"${PODS_ROOT}/Target Support Files/Pods-zhihu/Pods-zhihu-frameworks-${CONFIGURATION}-input-files.xcfilelist",
			);
			name = "[CP] Embed Pods Frameworks";
			outputFileListPaths = (
				"${PODS_ROOT}/Target Support Files/Pods-zhihu/Pods-zhihu-frameworks-${CONFIGURATION}-output-files.xcfilelist",
			);
			runOnlyForDeploymentPostprocessing = 0;
			shellPath = /bin/sh;
			shellScript = "\"${PODS_ROOT}/Target Support Files/Pods-zhihu/Pods-zhihu-frameworks.sh\"\n";
			showEnvVarsInLog = 0;
		};
/* End PBXShellScriptBuildPhase section */

/* Begin PBXSourcesBuildPhase section */
		88B795DA2AD54E47003056B1 /* Sources */ = {
			isa = PBXSourcesBuildPhase;
			buildActionMask = 2147483647;
			files = (
				882A1B9F2AD7E9FE00D56D70 /* UIView+Extension.swift in Sources */,
				882A1B992AD64A5200D56D70 /* IWebViewController.swift in Sources */,
				88B795F72AD54F74003056B1 /* RootVC.swift in Sources */,
				882A1B9B2AD7E8B700D56D70 /* Calendar+Extension.swift in Sources */,
				882A1B9D2AD7E93200D56D70 /* FMDatePickerView.swift in Sources */,
				88B795FD2AD550F1003056B1 /* APIService.swift in Sources */,
				88B795E22AD54E47003056B1 /* AppDelegate.swift in Sources */,
				88B795FB2AD550A2003056B1 /* Model.swift in Sources */,
				88B795F92AD54FAA003056B1 /* ListCell.swift in Sources */,
				882A1B972AD5584600D56D70 /* ListAPI.swift in Sources */,
				882A1BA62ADD32EC00D56D70 /* UIView+HUD.swift in Sources */,
				882A1BA32AD7EA5A00D56D70 /* UIColor+Extension.swift in Sources */,
				88B795E42AD54E47003056B1 /* SceneDelegate.swift in Sources */,
				882A1BA12AD7EA2A00D56D70 /* Constant.swift in Sources */,
			);
			runOnlyForDeploymentPostprocessing = 0;
		};
/* End PBXSourcesBuildPhase section */

/* Begin PBXVariantGroup section */
		88B795E72AD54E47003056B1 /* Main.storyboard */ = {
			isa = PBXVariantGroup;
			children = (
				88B795E82AD54E47003056B1 /* Base */,
			);
			name = Main.storyboard;
			sourceTree = "<group>";
		};
		88B795EC2AD54E49003056B1 /* LaunchScreen.storyboard */ = {
			isa = PBXVariantGroup;
			children = (
				88B795ED2AD54E49003056B1 /* Base */,
			);
			name = LaunchScreen.storyboard;
			sourceTree = "<group>";
		};
/* End PBXVariantGroup section */

/* Begin XCBuildConfiguration section */
		88B795F02AD54E49003056B1 /* Debug */ = {
			isa = XCBuildConfiguration;
			buildSettings = {
				ALWAYS_SEARCH_USER_PATHS = NO;
				ASSETCATALOG_COMPILER_GENERATE_SWIFT_ASSET_SYMBOL_EXTENSIONS = YES;
				CLANG_ANALYZER_NONNULL = YES;
				CLANG_ANALYZER_NUMBER_OBJECT_CONVERSION = YES_AGGRESSIVE;
				CLANG_CXX_LANGUAGE_STANDARD = "gnu++20";
				CLANG_ENABLE_MODULES = YES;
				CLANG_ENABLE_OBJC_ARC = YES;
				CLANG_ENABLE_OBJC_WEAK = YES;
				CLANG_WARN_BLOCK_CAPTURE_AUTORELEASING = YES;
				CLANG_WARN_BOOL_CONVERSION = YES;
				CLANG_WARN_COMMA = YES;
				CLANG_WARN_CONSTANT_CONVERSION = YES;
				CLANG_WARN_DEPRECATED_OBJC_IMPLEMENTATIONS = YES;
				CLANG_WARN_DIRECT_OBJC_ISA_USAGE = YES_ERROR;
				CLANG_WARN_DOCUMENTATION_COMMENTS = YES;
				CLANG_WARN_EMPTY_BODY = YES;
				CLANG_WARN_ENUM_CONVERSION = YES;
				CLANG_WARN_INFINITE_RECURSION = YES;
				CLANG_WARN_INT_CONVERSION = YES;
				CLANG_WARN_NON_LITERAL_NULL_CONVERSION = YES;
				CLANG_WARN_OBJC_IMPLICIT_RETAIN_SELF = YES;
				CLANG_WARN_OBJC_LITERAL_CONVERSION = YES;
				CLANG_WARN_OBJC_ROOT_CLASS = YES_ERROR;
				CLANG_WARN_QUOTED_INCLUDE_IN_FRAMEWORK_HEADER = YES;
				CLANG_WARN_RANGE_LOOP_ANALYSIS = YES;
				CLANG_WARN_STRICT_PROTOTYPES = YES;
				CLANG_WARN_SUSPICIOUS_MOVE = YES;
				CLANG_WARN_UNGUARDED_AVAILABILITY = YES_AGGRESSIVE;
				CLANG_WARN_UNREACHABLE_CODE = YES;
				CLANG_WARN__DUPLICATE_METHOD_MATCH = YES;
				COPY_PHASE_STRIP = NO;
				DEBUG_INFORMATION_FORMAT = dwarf;
				ENABLE_STRICT_OBJC_MSGSEND = YES;
				ENABLE_TESTABILITY = YES;
				ENABLE_USER_SCRIPT_SANDBOXING = YES;
				GCC_C_LANGUAGE_STANDARD = gnu17;
				GCC_DYNAMIC_NO_PIC = NO;
				GCC_NO_COMMON_BLOCKS = YES;
				GCC_OPTIMIZATION_LEVEL = 0;
				GCC_PREPROCESSOR_DEFINITIONS = (
					"DEBUG=1",
					"$(inherited)",
				);
				GCC_WARN_64_TO_32_BIT_CONVERSION = YES;
				GCC_WARN_ABOUT_RETURN_TYPE = YES_ERROR;
				GCC_WARN_UNDECLARED_SELECTOR = YES;
				GCC_WARN_UNINITIALIZED_AUTOS = YES_AGGRESSIVE;
				GCC_WARN_UNUSED_FUNCTION = YES;
				GCC_WARN_UNUSED_VARIABLE = YES;
				IPHONEOS_DEPLOYMENT_TARGET = 14.0;
				LOCALIZATION_PREFERS_STRING_CATALOGS = YES;
				MTL_ENABLE_DEBUG_INFO = INCLUDE_SOURCE;
				MTL_FAST_MATH = YES;
				ONLY_ACTIVE_ARCH = YES;
				SDKROOT = iphoneos;
				SWIFT_ACTIVE_COMPILATION_CONDITIONS = "DEBUG $(inherited)";
				SWIFT_OPTIMIZATION_LEVEL = "-Onone";
			};
			name = Debug;
		};
		88B795F12AD54E49003056B1 /* Release */ = {
			isa = XCBuildConfiguration;
			buildSettings = {
				ALWAYS_SEARCH_USER_PATHS = NO;
				ASSETCATALOG_COMPILER_GENERATE_SWIFT_ASSET_SYMBOL_EXTENSIONS = YES;
				CLANG_ANALYZER_NONNULL = YES;
				CLANG_ANALYZER_NUMBER_OBJECT_CONVERSION = YES_AGGRESSIVE;
				CLANG_CXX_LANGUAGE_STANDARD = "gnu++20";
				CLANG_ENABLE_MODULES = YES;
				CLANG_ENABLE_OBJC_ARC = YES;
				CLANG_ENABLE_OBJC_WEAK = YES;
				CLANG_WARN_BLOCK_CAPTURE_AUTORELEASING = YES;
				CLANG_WARN_BOOL_CONVERSION = YES;
				CLANG_WARN_COMMA = YES;
				CLANG_WARN_CONSTANT_CONVERSION = YES;
				CLANG_WARN_DEPRECATED_OBJC_IMPLEMENTATIONS = YES;
				CLANG_WARN_DIRECT_OBJC_ISA_USAGE = YES_ERROR;
				CLANG_WARN_DOCUMENTATION_COMMENTS = YES;
				CLANG_WARN_EMPTY_BODY = YES;
				CLANG_WARN_ENUM_CONVERSION = YES;
				CLANG_WARN_INFINITE_RECURSION = YES;
				CLANG_WARN_INT_CONVERSION = YES;
				CLANG_WARN_NON_LITERAL_NULL_CONVERSION = YES;
				CLANG_WARN_OBJC_IMPLICIT_RETAIN_SELF = YES;
				CLANG_WARN_OBJC_LITERAL_CONVERSION = YES;
				CLANG_WARN_OBJC_ROOT_CLASS = YES_ERROR;
				CLANG_WARN_QUOTED_INCLUDE_IN_FRAMEWORK_HEADER = YES;
				CLANG_WARN_RANGE_LOOP_ANALYSIS = YES;
				CLANG_WARN_STRICT_PROTOTYPES = YES;
				CLANG_WARN_SUSPICIOUS_MOVE = YES;
				CLANG_WARN_UNGUARDED_AVAILABILITY = YES_AGGRESSIVE;
				CLANG_WARN_UNREACHABLE_CODE = YES;
				CLANG_WARN__DUPLICATE_METHOD_MATCH = YES;
				COPY_PHASE_STRIP = NO;
				DEBUG_INFORMATION_FORMAT = "dwarf-with-dsym";
				ENABLE_NS_ASSERTIONS = NO;
				ENABLE_STRICT_OBJC_MSGSEND = YES;
				ENABLE_USER_SCRIPT_SANDBOXING = YES;
				GCC_C_LANGUAGE_STANDARD = gnu17;
				GCC_NO_COMMON_BLOCKS = YES;
				GCC_WARN_64_TO_32_BIT_CONVERSION = YES;
				GCC_WARN_ABOUT_RETURN_TYPE = YES_ERROR;
				GCC_WARN_UNDECLARED_SELECTOR = YES;
				GCC_WARN_UNINITIALIZED_AUTOS = YES_AGGRESSIVE;
				GCC_WARN_UNUSED_FUNCTION = YES;
				GCC_WARN_UNUSED_VARIABLE = YES;
				IPHONEOS_DEPLOYMENT_TARGET = 14.0;
				LOCALIZATION_PREFERS_STRING_CATALOGS = YES;
				MTL_ENABLE_DEBUG_INFO = NO;
				MTL_FAST_MATH = YES;
				SDKROOT = iphoneos;
				SWIFT_COMPILATION_MODE = wholemodule;
				VALIDATE_PRODUCT = YES;
			};
			name = Release;
		};
		88B795F32AD54E49003056B1 /* Debug */ = {
			isa = XCBuildConfiguration;
			baseConfigurationReference = 1016A7DF588A10A0A6B21170 /* Pods-zhihu.debug.xcconfig */;
			buildSettings = {
				ASSETCATALOG_COMPILER_APPICON_NAME = AppIcon;
				ASSETCATALOG_COMPILER_GLOBAL_ACCENT_COLOR_NAME = AccentColor;
				CODE_SIGN_STYLE = Automatic;
				CURRENT_PROJECT_VERSION = 1;
				DEVELOPMENT_TEAM = DQFEA2B5H2;
				ENABLE_USER_SCRIPT_SANDBOXING = NO;
				GENERATE_INFOPLIST_FILE = YES;
				INFOPLIST_FILE = zhihu/Info.plist;
				INFOPLIST_KEY_UIApplicationSupportsIndirectInputEvents = YES;
				INFOPLIST_KEY_UILaunchStoryboardName = LaunchScreen;
				INFOPLIST_KEY_UIMainStoryboardFile = Main;
				INFOPLIST_KEY_UISupportedInterfaceOrientations_iPad = "UIInterfaceOrientationPortrait UIInterfaceOrientationPortraitUpsideDown UIInterfaceOrientationLandscapeLeft UIInterfaceOrientationLandscapeRight";
				INFOPLIST_KEY_UISupportedInterfaceOrientations_iPhone = "UIInterfaceOrientationPortrait UIInterfaceOrientationLandscapeLeft UIInterfaceOrientationLandscapeRight";
				IPHONEOS_DEPLOYMENT_TARGET = 14.0;
				LD_RUNPATH_SEARCH_PATHS = (
					"$(inherited)",
					"@executable_path/Frameworks",
				);
				MARKETING_VERSION = 1.0;
				PRODUCT_BUNDLE_IDENTIFIER = com.zhuyun.zhihu;
				PRODUCT_NAME = "$(TARGET_NAME)";
				SWIFT_EMIT_LOC_STRINGS = YES;
				SWIFT_VERSION = 5.0;
				TARGETED_DEVICE_FAMILY = "1,2";
			};
			name = Debug;
		};
		88B795F42AD54E49003056B1 /* Release */ = {
			isa = XCBuildConfiguration;
			baseConfigurationReference = B6B60985DFB29E58CAB4CD99 /* Pods-zhihu.release.xcconfig */;
			buildSettings = {
				ASSETCATALOG_COMPILER_APPICON_NAME = AppIcon;
				ASSETCATALOG_COMPILER_GLOBAL_ACCENT_COLOR_NAME = AccentColor;
				CODE_SIGN_STYLE = Automatic;
				CURRENT_PROJECT_VERSION = 1;
				DEVELOPMENT_TEAM = DQFEA2B5H2;
				ENABLE_USER_SCRIPT_SANDBOXING = NO;
				GENERATE_INFOPLIST_FILE = YES;
				INFOPLIST_FILE = zhihu/Info.plist;
				INFOPLIST_KEY_UIApplicationSupportsIndirectInputEvents = YES;
				INFOPLIST_KEY_UILaunchStoryboardName = LaunchScreen;
				INFOPLIST_KEY_UIMainStoryboardFile = Main;
				INFOPLIST_KEY_UISupportedInterfaceOrientations_iPad = "UIInterfaceOrientationPortrait UIInterfaceOrientationPortraitUpsideDown UIInterfaceOrientationLandscapeLeft UIInterfaceOrientationLandscapeRight";
				INFOPLIST_KEY_UISupportedInterfaceOrientations_iPhone = "UIInterfaceOrientationPortrait UIInterfaceOrientationLandscapeLeft UIInterfaceOrientationLandscapeRight";
				IPHONEOS_DEPLOYMENT_TARGET = 14.0;
				LD_RUNPATH_SEARCH_PATHS = (
					"$(inherited)",
					"@executable_path/Frameworks",
				);
				MARKETING_VERSION = 1.0;
				PRODUCT_BUNDLE_IDENTIFIER = com.zhuyun.zhihu;
				PRODUCT_NAME = "$(TARGET_NAME)";
				SWIFT_EMIT_LOC_STRINGS = YES;
				SWIFT_VERSION = 5.0;
				TARGETED_DEVICE_FAMILY = "1,2";
			};
			name = Release;
		};
/* End XCBuildConfiguration section */

/* Begin XCConfigurationList section */
		88B795D92AD54E47003056B1 /* Build configuration list for PBXProject "zhihu" */ = {
			isa = XCConfigurationList;
			buildConfigurations = (
				88B795F02AD54E49003056B1 /* Debug */,
				88B795F12AD54E49003056B1 /* Release */,
			);
			defaultConfigurationIsVisible = 0;
			defaultConfigurationName = Release;
		};
		88B795F22AD54E49003056B1 /* Build configuration list for PBXNativeTarget "zhihu" */ = {
			isa = XCConfigurationList;
			buildConfigurations = (
				88B795F32AD54E49003056B1 /* Debug */,
				88B795F42AD54E49003056B1 /* Release */,
			);
			defaultConfigurationIsVisible = 0;
			defaultConfigurationName = Release;
		};
/* End XCConfigurationList section */
	};
	rootObject = 88B795D62AD54E47003056B1 /* Project object */;
}
